{
  "requires": true,
  "lockfileVersion": 1,
  "dependencies": {
    "crypto-js": {
      "version": "4.1.1",
      "resolved": "https://registry.npmjs.org/crypto-js/-/crypto-js-4.1.1.tgz",
      "integrity": "sha512-o2JlM7ydqd3Qk9CA0L4NL6mTzU2sdx96a+oOfPu8Mkl/PK51vSyoi8/rQ8NknZtk44vq15lmhAj9CIAGwgeWKw=="
    },
    "js-util-tools": {
      "version": "1.0.2",
      "resolved": "https://registry.npmjs.org/js-util-tools/-/js-util-tools-1.0.2.tgz",
      "integrity": "sha512-kzSz3WdBZUqgH8ml+lqyqSX+KQpseGiz/kjI0uzSniRv8FzfnvYXVB8+1LeLSLkxhxuVCtAoYCE0btl8atzFGQ=="
    }
  }
}
